
Microsoft Visual Studio Solution File, Format Version 12.00
# Visual Studio Version 16
VisualStudioVersion = 16.0.31424.327
MinimumVisualStudioVersion = 10.0.40219.1
Project("{FAE04EC0-301F-11D3-BF4B-00C04F79EFBC}") = "KitapGirdisi", "KitapGirdisi\KitapGirdisi.csproj", "{D1029949-BFAA-4DE4-8B1D-E9712183327C}"
EndProject
Project("{FAE04EC0-301F-11D3-BF4B-00C04F79EFBC}") = "WebUygulamasi", "..\Web-Uygulamasi\Web-Uygulamasi\WebUygulamasi.csproj", "{DF2A8247-102E-47F3-AF2F-76E9BF613806}"
EndProject
Global
	GlobalSection(SolutionConfigurationPlatforms) = preSolution
		Debug|Any CPU = Debug|Any CPU
		Release|Any CPU = Release|Any CPU
	EndGlobalSection
	GlobalSection(ProjectConfigurationPlatforms) = postSolution
		{D1029949-BFAA-4DE4-8B1D-E9712183327C}.Debug|Any CPU.ActiveCfg = Debug|Any CPU
		{D1029949-BFAA-4DE4-8B1D-E9712183327C}.Debug|Any CPU.Build.0 = Debug|Any CPU
		{D1029949-BFAA-4DE4-8B1D-E9712183327C}.Release|Any CPU.ActiveCfg = Release|Any CPU
		{D1029949-BFAA-4DE4-8B1D-E9712183327C}.Release|Any CPU.Build.0 = Release|Any CPU
		{DF2A8247-102E-47F3-AF2F-76E9BF613806}.Debug|Any CPU.ActiveCfg = Debug|Any CPU
		{DF2A8247-102E-47F3-AF2F-76E9BF613806}.Debug|Any CPU.Build.0 = Debug|Any CPU
		{DF2A8247-102E-47F3-AF2F-76E9BF613806}.Release|Any CPU.ActiveCfg = Release|Any CPU
		{DF2A8247-102E-47F3-AF2F-76E9BF613806}.Release|Any CPU.Build.0 = Release|Any CPU
	EndGlobalSection
	GlobalSection(SolutionProperties) = preSolution
		HideSolutionNode = FALSE
	EndGlobalSection
	GlobalSection(ExtensibilityGlobals) = postSolution
		SolutionGuid = {E8D0C5CC-23EA-4580-86B6-512F65CD6335}
	EndGlobalSection
EndGlobal
